
Microsoft Visual Studio Solution File, Format Version 12.00
# Visual Studio 15
VisualStudioVersion = 15.0.28307.106
MinimumVisualStudioVersion = 10.0.40219.1
Project("{FAE04EC0-301F-11D3-BF4B-00C04F79EFBC}") = "PsHelloAzure", "PsHelloAzure\PsHelloAzure.csproj", "{0965BE50-6D00-4F0F-82A2-CBC7C3921838}"
EndProject
Global
	GlobalSection(SolutionConfigurationPlatforms) = preSolution
		Debug|Any CPU = Debug|Any CPU
		Release|Any CPU = Release|Any CPU
	EndGlobalSection
	GlobalSection(ProjectConfigurationPlatforms) = postSolution
		{0965BE50-6D00-4F0F-82A2-CBC7C3921838}.Debug|Any CPU.ActiveCfg = Debug|Any CPU
		{0965BE50-6D00-4F0F-82A2-CBC7C3921838}.Debug|Any CPU.Build.0 = Debug|Any CPU
		{0965BE50-6D00-4F0F-82A2-CBC7C3921838}.Release|Any CPU.ActiveCfg = Release|Any CPU
		{0965BE50-6D00-4F0F-82A2-CBC7C3921838}.Release|Any CPU.Build.0 = Release|Any CPU
	EndGlobalSection
	GlobalSection(SolutionProperties) = preSolution
		HideSolutionNode = FALSE
	EndGlobalSection
	GlobalSection(ExtensibilityGlobals) = postSolution
		SolutionGuid = {89683FD4-DC02-4FDC-BFD2-CC7331A9A5FF}
	EndGlobalSection
EndGlobal
